
Microsoft Visual Studio Solution File, Format Version 12.00
# Visual Studio Version 17
VisualStudioVersion = 17.0.31903.59
MinimumVisualStudioVersion = 10.0.40219.1
Project("{2150E333-8FDC-42A3-9474-1A3956D46DE8}") = "Plugins", "Plugins", "{915C34A7-4FE9-4E15-9F7C-48D5FAA3FE16}"
EndProject
Project("{2150E333-8FDC-42A3-9474-1A3956D46DE8}") = "Framework", "Framework", "{9866E751-D1C6-4310-9858-07452035AE70}"
EndProject
Project("{2150E333-8FDC-42A3-9474-1A3956D46DE8}") = "Service", "Service", "{37913B13-6F84-48E3-8F6D-4F1507C7790B}"
EndProject
Project("{2150E333-8FDC-42A3-9474-1A3956D46DE8}") = "Client", "Client", "{D824763F-1721-4048-96BF-3FB2054FDDDD}"
EndProject
Project("{FAE04EC0-301F-11D3-BF4B-00C04F79EFBC}") = "Plugin.ApiUI", "..\dotnet\plugins\Plugin.ApiUI\Plugin.ApiUI.csproj", "{B03E90EA-43D4-4CDD-9DD6-040EF4EDE8BE}"
EndProject
Project("{FAE04EC0-301F-11D3-BF4B-00C04F79EFBC}") = "Framework", "framework\Framework\Framework.csproj", "{BE888C2D-D71E-4DF1-8061-3EBFB17360BE}"
EndProject
Project("{FAE04EC0-301F-11D3-BF4B-00C04F79EFBC}") = "Plugin.SlideCaptcha", "plugins\Plugin.SlideCaptcha\Plugin.SlideCaptcha.csproj", "{9682B1FB-1C11-4B89-BFCF-B3F809FD9E0E}"
EndProject
Project("{FAE04EC0-301F-11D3-BF4B-00C04F79EFBC}") = "Plugin.DynamicApi", "plugins\Plugin.DynamicApi\Plugin.DynamicApi.csproj", "{97950CD6-D468-4F21-BBA9-40896DDB8946}"
EndProject
Project("{FAE04EC0-301F-11D3-BF4B-00C04F79EFBC}") = "Framework.AspNetCore", "framework\Framework.AspNetCore\Framework.AspNetCore.csproj", "{8AA35EB6-3D8A-4A28-A38E-B943FC8D81A3}"
EndProject
Project("{FAE04EC0-301F-11D3-BF4B-00C04F79EFBC}") = "Framework.Repository", "framework\Framework.Repository\Framework.Repository.csproj", "{3B8C0DA1-6BEF-4CD4-9297-1166B299D4CA}"
EndProject
Project("{FAE04EC0-301F-11D3-BF4B-00C04F79EFBC}") = "Framework.Logging", "framework\Framework.Logging\Framework.Logging.csproj", "{8AE690EC-5A51-42E5-82B4-B297C874F6A5}"
EndProject
Project("{FAE04EC0-301F-11D3-BF4B-00C04F79EFBC}") = "Client.Blazor", "src\Client.Blazor\Client.Blazor\Client.Blazor.csproj", "{CF3D59EA-C428-486E-BB62-C50839FE733D}"
EndProject
Project("{FAE04EC0-301F-11D3-BF4B-00C04F79EFBC}") = "Client.Blazor.Client", "src\Client.Blazor\Client.Blazor.Client\Client.Blazor.Client.csproj", "{108F47C7-9A8E-4992-8FF6-0E698DE26706}"
EndProject
Project("{FAE04EC0-301F-11D3-BF4B-00C04F79EFBC}") = "Client.WebApi", "src\Client.WebApi\Client.WebApi.csproj", "{E669E012-AA1B-44B5-918D-33C4A6C8F57B}"
EndProject
Project("{FAE04EC0-301F-11D3-BF4B-00C04F79EFBC}") = "Server.Service", "src\Server.Service\Server.Service.csproj", "{008F7442-B447-4FD7-B870-299D6A45D43A}"
EndProject
Project("{FAE04EC0-301F-11D3-BF4B-00C04F79EFBC}") = "Server.Core", "src\Server.Core\Server.Core.csproj", "{E4B9D1AB-CF1D-4646-8831-1A063370C692}"
EndProject
Project("{FAE04EC0-301F-11D3-BF4B-00C04F79EFBC}") = "Server.Repository", "src\Server.Repository\Server.Repository.csproj", "{8A3F960B-B3A9-4B0A-A9F7-16A68DF23ED9}"
EndProject
Global
	GlobalSection(SolutionConfigurationPlatforms) = preSolution
		Debug|Any CPU = Debug|Any CPU
		Release|Any CPU = Release|Any CPU
	EndGlobalSection
	GlobalSection(ProjectConfigurationPlatforms) = postSolution
		{B03E90EA-43D4-4CDD-9DD6-040EF4EDE8BE}.Debug|Any CPU.ActiveCfg = Debug|Any CPU
		{B03E90EA-43D4-4CDD-9DD6-040EF4EDE8BE}.Debug|Any CPU.Build.0 = Debug|Any CPU
		{B03E90EA-43D4-4CDD-9DD6-040EF4EDE8BE}.Release|Any CPU.ActiveCfg = Release|Any CPU
		{B03E90EA-43D4-4CDD-9DD6-040EF4EDE8BE}.Release|Any CPU.Build.0 = Release|Any CPU
		{BE888C2D-D71E-4DF1-8061-3EBFB17360BE}.Debug|Any CPU.ActiveCfg = Debug|Any CPU
		{BE888C2D-D71E-4DF1-8061-3EBFB17360BE}.Debug|Any CPU.Build.0 = Debug|Any CPU
		{BE888C2D-D71E-4DF1-8061-3EBFB17360BE}.Release|Any CPU.ActiveCfg = Release|Any CPU
		{BE888C2D-D71E-4DF1-8061-3EBFB17360BE}.Release|Any CPU.Build.0 = Release|Any CPU
		{9682B1FB-1C11-4B89-BFCF-B3F809FD9E0E}.Debug|Any CPU.ActiveCfg = Debug|Any CPU
		{9682B1FB-1C11-4B89-BFCF-B3F809FD9E0E}.Debug|Any CPU.Build.0 = Debug|Any CPU
		{9682B1FB-1C11-4B89-BFCF-B3F809FD9E0E}.Release|Any CPU.ActiveCfg = Release|Any CPU
		{9682B1FB-1C11-4B89-BFCF-B3F809FD9E0E}.Release|Any CPU.Build.0 = Release|Any CPU
		{97950CD6-D468-4F21-BBA9-40896DDB8946}.Debug|Any CPU.ActiveCfg = Debug|Any CPU
		{97950CD6-D468-4F21-BBA9-40896DDB8946}.Debug|Any CPU.Build.0 = Debug|Any CPU
		{97950CD6-D468-4F21-BBA9-40896DDB8946}.Release|Any CPU.ActiveCfg = Release|Any CPU
		{97950CD6-D468-4F21-BBA9-40896DDB8946}.Release|Any CPU.Build.0 = Release|Any CPU
		{8AA35EB6-3D8A-4A28-A38E-B943FC8D81A3}.Debug|Any CPU.ActiveCfg = Debug|Any CPU
		{8AA35EB6-3D8A-4A28-A38E-B943FC8D81A3}.Debug|Any CPU.Build.0 = Debug|Any CPU
		{8AA35EB6-3D8A-4A28-A38E-B943FC8D81A3}.Release|Any CPU.ActiveCfg = Release|Any CPU
		{8AA35EB6-3D8A-4A28-A38E-B943FC8D81A3}.Release|Any CPU.Build.0 = Release|Any CPU
		{3B8C0DA1-6BEF-4CD4-9297-1166B299D4CA}.Debug|Any CPU.ActiveCfg = Debug|Any CPU
		{3B8C0DA1-6BEF-4CD4-9297-1166B299D4CA}.Debug|Any CPU.Build.0 = Debug|Any CPU
		{3B8C0DA1-6BEF-4CD4-9297-1166B299D4CA}.Release|Any CPU.ActiveCfg = Release|Any CPU
		{3B8C0DA1-6BEF-4CD4-9297-1166B299D4CA}.Release|Any CPU.Build.0 = Release|Any CPU
		{8AE690EC-5A51-42E5-82B4-B297C874F6A5}.Debug|Any CPU.ActiveCfg = Debug|Any CPU
		{8AE690EC-5A51-42E5-82B4-B297C874F6A5}.Debug|Any CPU.Build.0 = Debug|Any CPU
		{8AE690EC-5A51-42E5-82B4-B297C874F6A5}.Release|Any CPU.ActiveCfg = Release|Any CPU
		{8AE690EC-5A51-42E5-82B4-B297C874F6A5}.Release|Any CPU.Build.0 = Release|Any CPU
		{CF3D59EA-C428-486E-BB62-C50839FE733D}.Debug|Any CPU.ActiveCfg = Debug|Any CPU
		{CF3D59EA-C428-486E-BB62-C50839FE733D}.Debug|Any CPU.Build.0 = Debug|Any CPU
		{CF3D59EA-C428-486E-BB62-C50839FE733D}.Release|Any CPU.ActiveCfg = Release|Any CPU
		{CF3D59EA-C428-486E-BB62-C50839FE733D}.Release|Any CPU.Build.0 = Release|Any CPU
		{108F47C7-9A8E-4992-8FF6-0E698DE26706}.Debug|Any CPU.ActiveCfg = Debug|Any CPU
		{108F47C7-9A8E-4992-8FF6-0E698DE26706}.Debug|Any CPU.Build.0 = Debug|Any CPU
		{108F47C7-9A8E-4992-8FF6-0E698DE26706}.Release|Any CPU.ActiveCfg = Release|Any CPU
		{108F47C7-9A8E-4992-8FF6-0E698DE26706}.Release|Any CPU.Build.0 = Release|Any CPU
		{E669E012-AA1B-44B5-918D-33C4A6C8F57B}.Debug|Any CPU.ActiveCfg = Debug|Any CPU
		{E669E012-AA1B-44B5-918D-33C4A6C8F57B}.Debug|Any CPU.Build.0 = Debug|Any CPU
		{E669E012-AA1B-44B5-918D-33C4A6C8F57B}.Release|Any CPU.ActiveCfg = Release|Any CPU
		{E669E012-AA1B-44B5-918D-33C4A6C8F57B}.Release|Any CPU.Build.0 = Release|Any CPU
		{008F7442-B447-4FD7-B870-299D6A45D43A}.Debug|Any CPU.ActiveCfg = Debug|Any CPU
		{008F7442-B447-4FD7-B870-299D6A45D43A}.Debug|Any CPU.Build.0 = Debug|Any CPU
		{008F7442-B447-4FD7-B870-299D6A45D43A}.Release|Any CPU.ActiveCfg = Release|Any CPU
		{008F7442-B447-4FD7-B870-299D6A45D43A}.Release|Any CPU.Build.0 = Release|Any CPU
		{E4B9D1AB-CF1D-4646-8831-1A063370C692}.Debug|Any CPU.ActiveCfg = Debug|Any CPU
		{E4B9D1AB-CF1D-4646-8831-1A063370C692}.Debug|Any CPU.Build.0 = Debug|Any CPU
		{E4B9D1AB-CF1D-4646-8831-1A063370C692}.Release|Any CPU.ActiveCfg = Release|Any CPU
		{E4B9D1AB-CF1D-4646-8831-1A063370C692}.Release|Any CPU.Build.0 = Release|Any CPU
		{8A3F960B-B3A9-4B0A-A9F7-16A68DF23ED9}.Debug|Any CPU.ActiveCfg = Debug|Any CPU
		{8A3F960B-B3A9-4B0A-A9F7-16A68DF23ED9}.Debug|Any CPU.Build.0 = Debug|Any CPU
		{8A3F960B-B3A9-4B0A-A9F7-16A68DF23ED9}.Release|Any CPU.ActiveCfg = Release|Any CPU
		{8A3F960B-B3A9-4B0A-A9F7-16A68DF23ED9}.Release|Any CPU.Build.0 = Release|Any CPU
	EndGlobalSection
	GlobalSection(SolutionProperties) = preSolution
		HideSolutionNode = FALSE
	EndGlobalSection
	GlobalSection(NestedProjects) = preSolution
		{B03E90EA-43D4-4CDD-9DD6-040EF4EDE8BE} = {915C34A7-4FE9-4E15-9F7C-48D5FAA3FE16}
		{BE888C2D-D71E-4DF1-8061-3EBFB17360BE} = {9866E751-D1C6-4310-9858-07452035AE70}
		{9682B1FB-1C11-4B89-BFCF-B3F809FD9E0E} = {915C34A7-4FE9-4E15-9F7C-48D5FAA3FE16}
		{97950CD6-D468-4F21-BBA9-40896DDB8946} = {915C34A7-4FE9-4E15-9F7C-48D5FAA3FE16}
		{8AA35EB6-3D8A-4A28-A38E-B943FC8D81A3} = {9866E751-D1C6-4310-9858-07452035AE70}
		{3B8C0DA1-6BEF-4CD4-9297-1166B299D4CA} = {9866E751-D1C6-4310-9858-07452035AE70}
		{8AE690EC-5A51-42E5-82B4-B297C874F6A5} = {9866E751-D1C6-4310-9858-07452035AE70}
		{CF3D59EA-C428-486E-BB62-C50839FE733D} = {D824763F-1721-4048-96BF-3FB2054FDDDD}
		{108F47C7-9A8E-4992-8FF6-0E698DE26706} = {D824763F-1721-4048-96BF-3FB2054FDDDD}
		{E669E012-AA1B-44B5-918D-33C4A6C8F57B} = {D824763F-1721-4048-96BF-3FB2054FDDDD}
		{008F7442-B447-4FD7-B870-299D6A45D43A} = {37913B13-6F84-48E3-8F6D-4F1507C7790B}
		{E4B9D1AB-CF1D-4646-8831-1A063370C692} = {37913B13-6F84-48E3-8F6D-4F1507C7790B}
		{8A3F960B-B3A9-4B0A-A9F7-16A68DF23ED9} = {37913B13-6F84-48E3-8F6D-4F1507C7790B}
	EndGlobalSection
EndGlobal
