
Microsoft Visual Studio Solution File, Format Version 12.00
# Visual Studio Version 17
VisualStudioVersion = 17.5.002.0
MinimumVisualStudioVersion = 10.0.40219.1
Project("{2150E333-8FDC-42A3-9474-1A3956D46DE8}") = "framework", "framework", "{31A84825-270D-4E51-8EA7-D9379F693150}"
EndProject
Project("{9A19103F-16F7-4668-BE54-9A1E7A4F7556}") = "Framework", "framework\Framework\Framework.csproj", "{5AF550BD-2AAE-4418-AA77-1C151F543C4D}"
EndProject
Project("{9A19103F-16F7-4668-BE54-9A1E7A4F7556}") = "Framework.AspNetCore", "framework\Framework.AspNetCore\Framework.AspNetCore.csproj", "{47516A73-BECF-4505-92F2-90F3E1E43462}"
EndProject
Project("{9A19103F-16F7-4668-BE54-9A1E7A4F7556}") = "Framework.AspNetCore.Middleware", "framework\Framework.AspNetCore.Middleware\Framework.AspNetCore.Middleware.csproj", "{443C192A-3090-47CD-BDEF-E792B074EE56}"
EndProject
Project("{9A19103F-16F7-4668-BE54-9A1E7A4F7556}") = "Framework.Logging", "framework\Framework.Logging\Framework.Logging.csproj", "{23EE2225-C7CB-4FAC-9132-4212CC5FA985}"
EndProject
Project("{9A19103F-16F7-4668-BE54-9A1E7A4F7556}") = "Framework.MQTT", "framework\Framework.MQTT\Framework.MQTT.csproj", "{63C34C5C-85E1-4E52-A8A6-6376B57E5D5C}"
EndProject
Project("{9A19103F-16F7-4668-BE54-9A1E7A4F7556}") = "Framework.Mvvm", "framework\Framework.Mvvm\Framework.Mvvm.csproj", "{85B34B88-4DC4-41CE-9E73-EE0676FA755D}"
EndProject
Project("{9A19103F-16F7-4668-BE54-9A1E7A4F7556}") = "Framework.Net", "framework\Framework.Net\Framework.Net.csproj", "{AE3B271D-B10C-4CD3-A6B7-9633F5F0EAC8}"
EndProject
Project("{9A19103F-16F7-4668-BE54-9A1E7A4F7556}") = "Framework.OSS", "framework\Framework.OSS\Framework.OSS.csproj", "{35CFF68B-1963-4745-B78F-B4A10888279D}"
EndProject
Project("{9A19103F-16F7-4668-BE54-9A1E7A4F7556}") = "Framework.Repository", "framework\Framework.Repository\Framework.Repository.csproj", "{8A6696E5-9AF4-47F8-A43B-2B1608942846}"
EndProject
Project("{2150E333-8FDC-42A3-9474-1A3956D46DE8}") = "plugins", "plugins", "{7D8FA7FD-5B73-4D5F-8DCD-F7085ED71471}"
EndProject
Project("{9A19103F-16F7-4668-BE54-9A1E7A4F7556}") = "Plugin.ApiUI", "plugins\Plugin.ApiUI\Plugin.ApiUI.csproj", "{C2001517-8C8E-4CAF-A003-58E9FA530199}"
EndProject
Project("{9A19103F-16F7-4668-BE54-9A1E7A4F7556}") = "Plugin.DynamicApi", "plugins\Plugin.DynamicApi\Plugin.DynamicApi.csproj", "{63B2074C-34F0-4E80-89F7-EA31ABD16064}"
EndProject
Project("{9A19103F-16F7-4668-BE54-9A1E7A4F7556}") = "Plugin.SlideCaptcha", "plugins\Plugin.SlideCaptcha\Plugin.SlideCaptcha.csproj", "{09AE96AD-D135-4CAE-B308-0DB6D848ACF1}"
EndProject
Project("{2150E333-8FDC-42A3-9474-1A3956D46DE8}") = "src", "src", "{0FB0A0BD-7627-491E-AF59-8810A02F9D64}"
EndProject
Project("{9A19103F-16F7-4668-BE54-9A1E7A4F7556}") = "App.Core", "src\App.Core\App.Core.csproj", "{910E829F-7313-4A6D-A939-8BD7F8870419}"
EndProject
Project("{9A19103F-16F7-4668-BE54-9A1E7A4F7556}") = "App.Repository", "src\App.Repository\App.Repository.csproj", "{8EDCB665-FD42-409E-8605-B5BE3F796BEE}"
EndProject
Project("{9A19103F-16F7-4668-BE54-9A1E7A4F7556}") = "App.Service", "src\App.Service\App.Service.csproj", "{DAE936FA-EF56-459D-B9BF-316EE6015ECF}"
EndProject
Project("{9A19103F-16F7-4668-BE54-9A1E7A4F7556}") = "Client.Blazor", "src\Client.Blazor\Client.Blazor.csproj", "{AF8B3519-8D4A-4586-9D28-E83DEC32E868}"
EndProject
Project("{9A19103F-16F7-4668-BE54-9A1E7A4F7556}") = "Client.WebApi", "src\Client.WebApi\Client.WebApi.csproj", "{6CBD3610-8D23-4252-BFEC-5F9A4680AB0A}"
EndProject
Global
	GlobalSection(SolutionConfigurationPlatforms) = preSolution
		Debug|Any CPU = Debug|Any CPU
		Release|Any CPU = Release|Any CPU
	EndGlobalSection
	GlobalSection(ProjectConfigurationPlatforms) = postSolution
		{5AF550BD-2AAE-4418-AA77-1C151F543C4D}.Debug|Any CPU.ActiveCfg = Debug|Any CPU
		{5AF550BD-2AAE-4418-AA77-1C151F543C4D}.Debug|Any CPU.Build.0 = Debug|Any CPU
		{5AF550BD-2AAE-4418-AA77-1C151F543C4D}.Release|Any CPU.ActiveCfg = Release|Any CPU
		{5AF550BD-2AAE-4418-AA77-1C151F543C4D}.Release|Any CPU.Build.0 = Release|Any CPU
		{47516A73-BECF-4505-92F2-90F3E1E43462}.Debug|Any CPU.ActiveCfg = Debug|Any CPU
		{47516A73-BECF-4505-92F2-90F3E1E43462}.Debug|Any CPU.Build.0 = Debug|Any CPU
		{47516A73-BECF-4505-92F2-90F3E1E43462}.Release|Any CPU.ActiveCfg = Release|Any CPU
		{47516A73-BECF-4505-92F2-90F3E1E43462}.Release|Any CPU.Build.0 = Release|Any CPU
		{443C192A-3090-47CD-BDEF-E792B074EE56}.Debug|Any CPU.ActiveCfg = Debug|Any CPU
		{443C192A-3090-47CD-BDEF-E792B074EE56}.Debug|Any CPU.Build.0 = Debug|Any CPU
		{443C192A-3090-47CD-BDEF-E792B074EE56}.Release|Any CPU.ActiveCfg = Release|Any CPU
		{443C192A-3090-47CD-BDEF-E792B074EE56}.Release|Any CPU.Build.0 = Release|Any CPU
		{23EE2225-C7CB-4FAC-9132-4212CC5FA985}.Debug|Any CPU.ActiveCfg = Debug|Any CPU
		{23EE2225-C7CB-4FAC-9132-4212CC5FA985}.Debug|Any CPU.Build.0 = Debug|Any CPU
		{23EE2225-C7CB-4FAC-9132-4212CC5FA985}.Release|Any CPU.ActiveCfg = Release|Any CPU
		{23EE2225-C7CB-4FAC-9132-4212CC5FA985}.Release|Any CPU.Build.0 = Release|Any CPU
		{63C34C5C-85E1-4E52-A8A6-6376B57E5D5C}.Debug|Any CPU.ActiveCfg = Debug|Any CPU
		{63C34C5C-85E1-4E52-A8A6-6376B57E5D5C}.Debug|Any CPU.Build.0 = Debug|Any CPU
		{63C34C5C-85E1-4E52-A8A6-6376B57E5D5C}.Release|Any CPU.ActiveCfg = Release|Any CPU
		{63C34C5C-85E1-4E52-A8A6-6376B57E5D5C}.Release|Any CPU.Build.0 = Release|Any CPU
		{85B34B88-4DC4-41CE-9E73-EE0676FA755D}.Debug|Any CPU.ActiveCfg = Debug|Any CPU
		{85B34B88-4DC4-41CE-9E73-EE0676FA755D}.Debug|Any CPU.Build.0 = Debug|Any CPU
		{85B34B88-4DC4-41CE-9E73-EE0676FA755D}.Release|Any CPU.ActiveCfg = Release|Any CPU
		{85B34B88-4DC4-41CE-9E73-EE0676FA755D}.Release|Any CPU.Build.0 = Release|Any CPU
		{AE3B271D-B10C-4CD3-A6B7-9633F5F0EAC8}.Debug|Any CPU.ActiveCfg = Debug|Any CPU
		{AE3B271D-B10C-4CD3-A6B7-9633F5F0EAC8}.Debug|Any CPU.Build.0 = Debug|Any CPU
		{AE3B271D-B10C-4CD3-A6B7-9633F5F0EAC8}.Release|Any CPU.ActiveCfg = Release|Any CPU
		{AE3B271D-B10C-4CD3-A6B7-9633F5F0EAC8}.Release|Any CPU.Build.0 = Release|Any CPU
		{35CFF68B-1963-4745-B78F-B4A10888279D}.Debug|Any CPU.ActiveCfg = Debug|Any CPU
		{35CFF68B-1963-4745-B78F-B4A10888279D}.Debug|Any CPU.Build.0 = Debug|Any CPU
		{35CFF68B-1963-4745-B78F-B4A10888279D}.Release|Any CPU.ActiveCfg = Release|Any CPU
		{35CFF68B-1963-4745-B78F-B4A10888279D}.Release|Any CPU.Build.0 = Release|Any CPU
		{8A6696E5-9AF4-47F8-A43B-2B1608942846}.Debug|Any CPU.ActiveCfg = Debug|Any CPU
		{8A6696E5-9AF4-47F8-A43B-2B1608942846}.Debug|Any CPU.Build.0 = Debug|Any CPU
		{8A6696E5-9AF4-47F8-A43B-2B1608942846}.Release|Any CPU.ActiveCfg = Release|Any CPU
		{8A6696E5-9AF4-47F8-A43B-2B1608942846}.Release|Any CPU.Build.0 = Release|Any CPU
		{C2001517-8C8E-4CAF-A003-58E9FA530199}.Debug|Any CPU.ActiveCfg = Debug|Any CPU
		{C2001517-8C8E-4CAF-A003-58E9FA530199}.Debug|Any CPU.Build.0 = Debug|Any CPU
		{C2001517-8C8E-4CAF-A003-58E9FA530199}.Release|Any CPU.ActiveCfg = Release|Any CPU
		{C2001517-8C8E-4CAF-A003-58E9FA530199}.Release|Any CPU.Build.0 = Release|Any CPU
		{63B2074C-34F0-4E80-89F7-EA31ABD16064}.Debug|Any CPU.ActiveCfg = Debug|Any CPU
		{63B2074C-34F0-4E80-89F7-EA31ABD16064}.Debug|Any CPU.Build.0 = Debug|Any CPU
		{63B2074C-34F0-4E80-89F7-EA31ABD16064}.Release|Any CPU.ActiveCfg = Release|Any CPU
		{63B2074C-34F0-4E80-89F7-EA31ABD16064}.Release|Any CPU.Build.0 = Release|Any CPU
		{09AE96AD-D135-4CAE-B308-0DB6D848ACF1}.Debug|Any CPU.ActiveCfg = Debug|Any CPU
		{09AE96AD-D135-4CAE-B308-0DB6D848ACF1}.Debug|Any CPU.Build.0 = Debug|Any CPU
		{09AE96AD-D135-4CAE-B308-0DB6D848ACF1}.Release|Any CPU.ActiveCfg = Release|Any CPU
		{09AE96AD-D135-4CAE-B308-0DB6D848ACF1}.Release|Any CPU.Build.0 = Release|Any CPU
		{910E829F-7313-4A6D-A939-8BD7F8870419}.Debug|Any CPU.ActiveCfg = Debug|Any CPU
		{910E829F-7313-4A6D-A939-8BD7F8870419}.Debug|Any CPU.Build.0 = Debug|Any CPU
		{910E829F-7313-4A6D-A939-8BD7F8870419}.Release|Any CPU.ActiveCfg = Release|Any CPU
		{910E829F-7313-4A6D-A939-8BD7F8870419}.Release|Any CPU.Build.0 = Release|Any CPU
		{8EDCB665-FD42-409E-8605-B5BE3F796BEE}.Debug|Any CPU.ActiveCfg = Debug|Any CPU
		{8EDCB665-FD42-409E-8605-B5BE3F796BEE}.Debug|Any CPU.Build.0 = Debug|Any CPU
		{8EDCB665-FD42-409E-8605-B5BE3F796BEE}.Release|Any CPU.ActiveCfg = Release|Any CPU
		{8EDCB665-FD42-409E-8605-B5BE3F796BEE}.Release|Any CPU.Build.0 = Release|Any CPU
		{DAE936FA-EF56-459D-B9BF-316EE6015ECF}.Debug|Any CPU.ActiveCfg = Debug|Any CPU
		{DAE936FA-EF56-459D-B9BF-316EE6015ECF}.Debug|Any CPU.Build.0 = Debug|Any CPU
		{DAE936FA-EF56-459D-B9BF-316EE6015ECF}.Release|Any CPU.ActiveCfg = Release|Any CPU
		{DAE936FA-EF56-459D-B9BF-316EE6015ECF}.Release|Any CPU.Build.0 = Release|Any CPU
		{AF8B3519-8D4A-4586-9D28-E83DEC32E868}.Debug|Any CPU.ActiveCfg = Debug|Any CPU
		{AF8B3519-8D4A-4586-9D28-E83DEC32E868}.Debug|Any CPU.Build.0 = Debug|Any CPU
		{AF8B3519-8D4A-4586-9D28-E83DEC32E868}.Release|Any CPU.ActiveCfg = Release|Any CPU
		{AF8B3519-8D4A-4586-9D28-E83DEC32E868}.Release|Any CPU.Build.0 = Release|Any CPU
		{6CBD3610-8D23-4252-BFEC-5F9A4680AB0A}.Debug|Any CPU.ActiveCfg = Debug|Any CPU
		{6CBD3610-8D23-4252-BFEC-5F9A4680AB0A}.Debug|Any CPU.Build.0 = Debug|Any CPU
		{6CBD3610-8D23-4252-BFEC-5F9A4680AB0A}.Release|Any CPU.ActiveCfg = Release|Any CPU
		{6CBD3610-8D23-4252-BFEC-5F9A4680AB0A}.Release|Any CPU.Build.0 = Release|Any CPU
	EndGlobalSection
	GlobalSection(SolutionProperties) = preSolution
		HideSolutionNode = FALSE
	EndGlobalSection
	GlobalSection(NestedProjects) = preSolution
		{5AF550BD-2AAE-4418-AA77-1C151F543C4D} = {31A84825-270D-4E51-8EA7-D9379F693150}
		{47516A73-BECF-4505-92F2-90F3E1E43462} = {31A84825-270D-4E51-8EA7-D9379F693150}
		{443C192A-3090-47CD-BDEF-E792B074EE56} = {31A84825-270D-4E51-8EA7-D9379F693150}
		{23EE2225-C7CB-4FAC-9132-4212CC5FA985} = {31A84825-270D-4E51-8EA7-D9379F693150}
		{63C34C5C-85E1-4E52-A8A6-6376B57E5D5C} = {31A84825-270D-4E51-8EA7-D9379F693150}
		{85B34B88-4DC4-41CE-9E73-EE0676FA755D} = {31A84825-270D-4E51-8EA7-D9379F693150}
		{AE3B271D-B10C-4CD3-A6B7-9633F5F0EAC8} = {31A84825-270D-4E51-8EA7-D9379F693150}
		{35CFF68B-1963-4745-B78F-B4A10888279D} = {31A84825-270D-4E51-8EA7-D9379F693150}
		{8A6696E5-9AF4-47F8-A43B-2B1608942846} = {31A84825-270D-4E51-8EA7-D9379F693150}
		{C2001517-8C8E-4CAF-A003-58E9FA530199} = {7D8FA7FD-5B73-4D5F-8DCD-F7085ED71471}
		{63B2074C-34F0-4E80-89F7-EA31ABD16064} = {7D8FA7FD-5B73-4D5F-8DCD-F7085ED71471}
		{09AE96AD-D135-4CAE-B308-0DB6D848ACF1} = {7D8FA7FD-5B73-4D5F-8DCD-F7085ED71471}
		{910E829F-7313-4A6D-A939-8BD7F8870419} = {0FB0A0BD-7627-491E-AF59-8810A02F9D64}
		{8EDCB665-FD42-409E-8605-B5BE3F796BEE} = {0FB0A0BD-7627-491E-AF59-8810A02F9D64}
		{DAE936FA-EF56-459D-B9BF-316EE6015ECF} = {0FB0A0BD-7627-491E-AF59-8810A02F9D64}
		{AF8B3519-8D4A-4586-9D28-E83DEC32E868} = {0FB0A0BD-7627-491E-AF59-8810A02F9D64}
		{6CBD3610-8D23-4252-BFEC-5F9A4680AB0A} = {0FB0A0BD-7627-491E-AF59-8810A02F9D64}
	EndGlobalSection
	GlobalSection(ExtensibilityGlobals) = postSolution
		SolutionGuid = {864A81A0-0498-462B-8D6F-882A9425E7FA}
	EndGlobalSection
EndGlobal
